
Microsoft Visual Studio Solution File, Format Version 12.00
# Visual Studio Version 17
VisualStudioVersion = 17.4.33110.190
MinimumVisualStudioVersion = 10.0.40219.1
Project("{FAE04EC0-301F-11D3-BF4B-00C04F79EFBC}") = "SimpleTaskManager", "C:\Users\VIRUS-PC\source\repos\SimpleTaskManager\SimpleTaskManager\SimpleTaskManager.csproj", "{6816C120-4051-4569-89C5-2212642C809A}"
EndProject
Global
	GlobalSection(SolutionConfigurationPlatforms) = preSolution
		Debug|Any CPU = Debug|Any CPU
		Release|Any CPU = Release|Any CPU
	EndGlobalSection
	GlobalSection(ProjectConfigurationPlatforms) = postSolution
		{6816C120-4051-4569-89C5-2212642C809A}.Debug|Any CPU.ActiveCfg = Debug|Any CPU
		{6816C120-4051-4569-89C5-2212642C809A}.Debug|Any CPU.Build.0 = Debug|Any CPU
		{6816C120-4051-4569-89C5-2212642C809A}.Release|Any CPU.ActiveCfg = Release|Any CPU
		{6816C120-4051-4569-89C5-2212642C809A}.Release|Any CPU.Build.0 = Release|Any CPU
	EndGlobalSection
	GlobalSection(SolutionProperties) = preSolution
		HideSolutionNode = FALSE
	EndGlobalSection
	GlobalSection(ExtensibilityGlobals) = postSolution
		SolutionGuid = {85856251-A913-409F-98FD-EC0109A27CA0}
	EndGlobalSection
EndGlobal
